
Microsoft Visual Studio Solution File, Format Version 12.00
# Visual Studio Version 16
VisualStudioVersion = 16.0.28803.156
MinimumVisualStudioVersion = 10.0.40219.1
Project("{FAE04EC0-301F-11D3-BF4B-00C04F79EFBC}") = "QronosProgrammeringsuppgift", "QronosProgrammeringsuppgift\QronosProgrammeringsuppgift.csproj", "{5E653FCD-2375-4559-9292-3B80E4F765A5}"
EndProject
Global
	GlobalSection(SolutionConfigurationPlatforms) = preSolution
		Debug|Any CPU = Debug|Any CPU
		Release|Any CPU = Release|Any CPU
	EndGlobalSection
	GlobalSection(ProjectConfigurationPlatforms) = postSolution
		{5E653FCD-2375-4559-9292-3B80E4F765A5}.Debug|Any CPU.ActiveCfg = Debug|Any CPU
		{5E653FCD-2375-4559-9292-3B80E4F765A5}.Debug|Any CPU.Build.0 = Debug|Any CPU
		{5E653FCD-2375-4559-9292-3B80E4F765A5}.Release|Any CPU.ActiveCfg = Release|Any CPU
		{5E653FCD-2375-4559-9292-3B80E4F765A5}.Release|Any CPU.Build.0 = Release|Any CPU
	EndGlobalSection
	GlobalSection(SolutionProperties) = preSolution
		HideSolutionNode = FALSE
	EndGlobalSection
	GlobalSection(ExtensibilityGlobals) = postSolution
		SolutionGuid = {9B34C25B-B862-4E6E-A42C-00EE3FEAA0E2}
	EndGlobalSection
EndGlobal
